
Microsoft Visual Studio Solution File, Format Version 12.00
# Visual Studio Version 16
VisualStudioVersion = 16.0.34407.143
MinimumVisualStudioVersion = 10.0.40219.1
Project("{FAE04EC0-301F-11D3-BF4B-00C04F79EFBC}") = "PainterApplication", "PainterApplication\PainterApplication.csproj", "{DBFC42DB-7D3B-4DE9-A96D-5037E0967795}"
EndProject
Global
	GlobalSection(SolutionConfigurationPlatforms) = preSolution
		Debug|Any CPU = Debug|Any CPU
		Release|Any CPU = Release|Any CPU
	EndGlobalSection
	GlobalSection(ProjectConfigurationPlatforms) = postSolution
		{DBFC42DB-7D3B-4DE9-A96D-5037E0967795}.Debug|Any CPU.ActiveCfg = Debug|Any CPU
		{DBFC42DB-7D3B-4DE9-A96D-5037E0967795}.Debug|Any CPU.Build.0 = Debug|Any CPU
		{DBFC42DB-7D3B-4DE9-A96D-5037E0967795}.Release|Any CPU.ActiveCfg = Release|Any CPU
		{DBFC42DB-7D3B-4DE9-A96D-5037E0967795}.Release|Any CPU.Build.0 = Release|Any CPU
	EndGlobalSection
	GlobalSection(SolutionProperties) = preSolution
		HideSolutionNode = FALSE
	EndGlobalSection
	GlobalSection(ExtensibilityGlobals) = postSolution
		SolutionGuid = {A139C4E3-A015-43B5-9A79-D18E7CEBD2FB}
	EndGlobalSection
EndGlobal
